
Microsoft Visual Studio Solution File, Format Version 12.00
# Visual Studio Version 17
VisualStudioVersion = 17.8.34525.116
MinimumVisualStudioVersion = 10.0.40219.1
Project("{FAE04EC0-301F-11D3-BF4B-00C04F79EFBC}") = "LAB07_Desamparo", "LAB07_Desamparo\LAB07_Desamparo.csproj", "{9BE4118D-16E9-4876-AB35-CC63A5737E69}"
EndProject
Global
	GlobalSection(SolutionConfigurationPlatforms) = preSolution
		Debug|Any CPU = Debug|Any CPU
		Release|Any CPU = Release|Any CPU
	EndGlobalSection
	GlobalSection(ProjectConfigurationPlatforms) = postSolution
		{9BE4118D-16E9-4876-AB35-CC63A5737E69}.Debug|Any CPU.ActiveCfg = Debug|Any CPU
		{9BE4118D-16E9-4876-AB35-CC63A5737E69}.Debug|Any CPU.Build.0 = Debug|Any CPU
		{9BE4118D-16E9-4876-AB35-CC63A5737E69}.Release|Any CPU.ActiveCfg = Release|Any CPU
		{9BE4118D-16E9-4876-AB35-CC63A5737E69}.Release|Any CPU.Build.0 = Release|Any CPU
	EndGlobalSection
	GlobalSection(SolutionProperties) = preSolution
		HideSolutionNode = FALSE
	EndGlobalSection
	GlobalSection(ExtensibilityGlobals) = postSolution
		SolutionGuid = {451FF2CC-DE8A-4CB5-B5DF-652CEB36DC5E}
	EndGlobalSection
EndGlobal
