
Microsoft Visual Studio Solution File, Format Version 12.00
# Visual Studio Version 17
VisualStudioVersion = 17.11.35222.181
MinimumVisualStudioVersion = 10.0.40219.1
Project("{9A19103F-16F7-4668-BE54-9A1E7A4F7556}") = "decimal_to_binary_c#", "decimal_to_binary_c#.csproj", "{86E87D1D-EA59-485F-A09B-0977073465B5}"
EndProject
Global
	GlobalSection(SolutionConfigurationPlatforms) = preSolution
		Debug|Any CPU = Debug|Any CPU
		Release|Any CPU = Release|Any CPU
	EndGlobalSection
	GlobalSection(ProjectConfigurationPlatforms) = postSolution
		{86E87D1D-EA59-485F-A09B-0977073465B5}.Debug|Any CPU.ActiveCfg = Debug|Any CPU
		{86E87D1D-EA59-485F-A09B-0977073465B5}.Debug|Any CPU.Build.0 = Debug|Any CPU
		{86E87D1D-EA59-485F-A09B-0977073465B5}.Release|Any CPU.ActiveCfg = Release|Any CPU
		{86E87D1D-EA59-485F-A09B-0977073465B5}.Release|Any CPU.Build.0 = Release|Any CPU
	EndGlobalSection
	GlobalSection(SolutionProperties) = preSolution
		HideSolutionNode = FALSE
	EndGlobalSection
	GlobalSection(ExtensibilityGlobals) = postSolution
		SolutionGuid = {E22A5AB0-CFE5-4C6E-9E4C-F496A9B3140E}
	EndGlobalSection
EndGlobal
