
Microsoft Visual Studio Solution File, Format Version 12.00
# Visual Studio Version 17
VisualStudioVersion = 17.11.35222.181
MinimumVisualStudioVersion = 10.0.40219.1
Project("{8BC9CEB8-8B4A-11D0-8D11-00A0C91BC942}") = "cpp", "cpp\cpp.vcxproj", "{820CEABC-DA2C-440C-BC68-80F80C9C1C68}"
EndProject
Global
	GlobalSection(SolutionConfigurationPlatforms) = preSolution
		Debug|x64 = Debug|x64
		Debug|x86 = Debug|x86
		Release|x64 = Release|x64
		Release|x86 = Release|x86
	EndGlobalSection
	GlobalSection(ProjectConfigurationPlatforms) = postSolution
		{820CEABC-DA2C-440C-BC68-80F80C9C1C68}.Debug|x64.ActiveCfg = Debug|x64
		{820CEABC-DA2C-440C-BC68-80F80C9C1C68}.Debug|x64.Build.0 = Debug|x64
		{820CEABC-DA2C-440C-BC68-80F80C9C1C68}.Debug|x86.ActiveCfg = Debug|Win32
		{820CEABC-DA2C-440C-BC68-80F80C9C1C68}.Debug|x86.Build.0 = Debug|Win32
		{820CEABC-DA2C-440C-BC68-80F80C9C1C68}.Release|x64.ActiveCfg = Release|x64
		{820CEABC-DA2C-440C-BC68-80F80C9C1C68}.Release|x64.Build.0 = Release|x64
		{820CEABC-DA2C-440C-BC68-80F80C9C1C68}.Release|x86.ActiveCfg = Release|Win32
		{820CEABC-DA2C-440C-BC68-80F80C9C1C68}.Release|x86.Build.0 = Release|Win32
	EndGlobalSection
	GlobalSection(SolutionProperties) = preSolution
		HideSolutionNode = FALSE
	EndGlobalSection
	GlobalSection(ExtensibilityGlobals) = postSolution
		SolutionGuid = {AC56A415-4828-4155-A27D-9740277CDDF2}
	EndGlobalSection
EndGlobal
