
Microsoft Visual Studio Solution File, Format Version 11.00
# Visual Studio 2010
Project("{FAE04EC0-301F-11D3-BF4B-00C04F79EFBC}") = "Lab Exercise 01", "Lab Exercise 01\Lab Exercise 01.csproj", "{6AA579FC-CA6D-4A87-9264-D84EA3FA2539}"
EndProject
Global
	GlobalSection(SolutionConfigurationPlatforms) = preSolution
		Debug|x86 = Debug|x86
		Release|x86 = Release|x86
	EndGlobalSection
	GlobalSection(ProjectConfigurationPlatforms) = postSolution
		{6AA579FC-CA6D-4A87-9264-D84EA3FA2539}.Debug|x86.ActiveCfg = Debug|x86
		{6AA579FC-CA6D-4A87-9264-D84EA3FA2539}.Debug|x86.Build.0 = Debug|x86
		{6AA579FC-CA6D-4A87-9264-D84EA3FA2539}.Release|x86.ActiveCfg = Release|x86
		{6AA579FC-CA6D-4A87-9264-D84EA3FA2539}.Release|x86.Build.0 = Release|x86
	EndGlobalSection
	GlobalSection(SolutionProperties) = preSolution
		HideSolutionNode = FALSE
	EndGlobalSection
EndGlobal
