
Microsoft Visual Studio Solution File, Format Version 12.00
# Visual Studio Version 17
VisualStudioVersion = 17.8.34601.278
MinimumVisualStudioVersion = 10.0.40219.1
Project("{FAE04EC0-301F-11D3-BF4B-00C04F79EFBC}") = "Lab02_Desamparo", "Lab02_Desamparo\Lab02_Desamparo.csproj", "{F8B7E377-F8B0-4BCF-926B-F0B9664FA98E}"
EndProject
Global
	GlobalSection(SolutionConfigurationPlatforms) = preSolution
		Debug|Any CPU = Debug|Any CPU
		Release|Any CPU = Release|Any CPU
	EndGlobalSection
	GlobalSection(ProjectConfigurationPlatforms) = postSolution
		{F8B7E377-F8B0-4BCF-926B-F0B9664FA98E}.Debug|Any CPU.ActiveCfg = Debug|Any CPU
		{F8B7E377-F8B0-4BCF-926B-F0B9664FA98E}.Debug|Any CPU.Build.0 = Debug|Any CPU
		{F8B7E377-F8B0-4BCF-926B-F0B9664FA98E}.Release|Any CPU.ActiveCfg = Release|Any CPU
		{F8B7E377-F8B0-4BCF-926B-F0B9664FA98E}.Release|Any CPU.Build.0 = Release|Any CPU
	EndGlobalSection
	GlobalSection(SolutionProperties) = preSolution
		HideSolutionNode = FALSE
	EndGlobalSection
	GlobalSection(ExtensibilityGlobals) = postSolution
		SolutionGuid = {5C911805-7DBC-4300-8003-19A2D6078E0E}
	EndGlobalSection
EndGlobal
